
Microsoft Visual Studio Solution File, Format Version 12.00
# Visual Studio 15
VisualStudioVersion = 15.0.27130.2036
MinimumVisualStudioVersion = 10.0.40219.1
Project("{FAE04EC0-301F-11D3-BF4B-00C04F79EFBC}") = "CoolThings", "CoolThings\CoolThings.csproj", "{873310E9-BCF0-4988-8B72-B802DF0AE99D}"
EndProject
Global
	GlobalSection(SolutionConfigurationPlatforms) = preSolution
		Debug|Any CPU = Debug|Any CPU
		Release|Any CPU = Release|Any CPU
	EndGlobalSection
	GlobalSection(ProjectConfigurationPlatforms) = postSolution
		{873310E9-BCF0-4988-8B72-B802DF0AE99D}.Debug|Any CPU.ActiveCfg = Debug|Any CPU
		{873310E9-BCF0-4988-8B72-B802DF0AE99D}.Debug|Any CPU.Build.0 = Debug|Any CPU
		{873310E9-BCF0-4988-8B72-B802DF0AE99D}.Release|Any CPU.ActiveCfg = Release|Any CPU
		{873310E9-BCF0-4988-8B72-B802DF0AE99D}.Release|Any CPU.Build.0 = Release|Any CPU
	EndGlobalSection
	GlobalSection(SolutionProperties) = preSolution
		HideSolutionNode = FALSE
	EndGlobalSection
	GlobalSection(ExtensibilityGlobals) = postSolution
		SolutionGuid = {6564D379-A846-46C2-8689-FA26DE72F5C7}
	EndGlobalSection
EndGlobal
